# This file is generated by running "yarn install" inside your project.
# Manual changes might be lost - proceed with caution!

__metadata:
  version: 6
  cacheKey: 8

"@babel/runtime@npm:^7.10.2, @babel/runtime@npm:^7.13.10":
  version: 7.21.0
  resolution: "@babel/runtime@npm:7.21.0"
  dependencies:
    regenerator-runtime: ^0.13.11
  checksum: 7b33e25bfa9e0e1b9e8828bb61b2d32bdd46b41b07ba7cb43319ad08efc6fda8eb89445193e67d6541814627df0ca59122c0ea795e412b99c5183a0540d338ab
  languageName: node
  linkType: hard

"@floating-ui/core@npm:^1.2.6":
  version: 1.2.6
  resolution: "@floating-ui/core@npm:1.2.6"
  checksum: e4aa96c435277f1720d4bc939e17a79b1e1eebd589c20b622d3c646a5273590ff889b8c6e126f7be61873cf8c4d7db7d418895986ea19b8b0d0530de32504c3a
  languageName: node
  linkType: hard

"@floating-ui/dom@npm:^1.2.1":
  version: 1.2.6
  resolution: "@floating-ui/dom@npm:1.2.6"
  dependencies:
    "@floating-ui/core": ^1.2.6
  checksum: 2226c6c244b96ae75ab14cc35bb119c8d7b83a85e2ff04e9d9800cffdb17faf4a7cf82db741dd045242ced56e31c8a08e33c8c512c972309a934d83b1f410441
  languageName: node
  linkType: hard

"@floating-ui/react-dom@npm:^1.3.0":
  version: 1.3.0
  resolution: "@floating-ui/react-dom@npm:1.3.0"
  dependencies:
    "@floating-ui/dom": ^1.2.1
  peerDependencies:
    react: ">=16.8.0"
    react-dom: ">=16.8.0"
  checksum: ce0ad3e3bbe43cfd15a6a0d5cccede02175c845862bfab52027995ab99c6b29630180dc7d146f76ebb34730f90a6ab9bf193c8984fe8d7f56062308e4ca98f77
  languageName: node
  linkType: hard

"@floating-ui/react@npm:^0.19.1":
  version: 0.19.2
  resolution: "@floating-ui/react@npm:0.19.2"
  dependencies:
    "@floating-ui/react-dom": ^1.3.0
    aria-hidden: ^1.1.3
    tabbable: ^6.0.1
  peerDependencies:
    react: ">=16.8.0"
    react-dom: ">=16.8.0"
  checksum: 00fd827c2dcf879fec221d89ef5b90836bbecacc236ce2acc787db32ae7311d490cd136b13a8d0b6ab12842554a2ee1110605aa832af71a45c0a7297e342072c
  languageName: node
  linkType: hard

"@mantine/core@npm:^6.0.7":
  version: 6.0.7
  resolution: "@mantine/core@npm:6.0.7"
  dependencies:
    "@floating-ui/react": ^0.19.1
    "@mantine/styles": 6.0.7
    "@mantine/utils": 6.0.7
    "@radix-ui/react-scroll-area": 1.0.2
    react-remove-scroll: ^2.5.5
    react-textarea-autosize: 8.3.4
  peerDependencies:
    "@mantine/hooks": 6.0.7
    react: ">=16.8.0"
    react-dom: ">=16.8.0"
  checksum: 70f17785e128827ef834f98465709916f2298fe3b3d23364151684f7ab7602afac09e3b94804085c2b06877c1ea754a477b417268f052665be86eeadb835aa01
  languageName: node
  linkType: hard

"@mantine/styles@npm:6.0.7":
  version: 6.0.7
  resolution: "@mantine/styles@npm:6.0.7"
  dependencies:
    clsx: 1.1.1
    csstype: 3.0.9
  peerDependencies:
    "@emotion/react": ">=11.9.0"
    react: ">=16.8.0"
    react-dom: ">=16.8.0"
  checksum: 7770b928925ec27bf8596cf39be7780b77759c567d9c1183b0cdbc1878ec5fe175591b900f4ad536c429497bd9bdace9e84bad34b6c92834d7851081789f5a78
  languageName: node
  linkType: hard

"@mantine/utils@npm:6.0.7":
  version: 6.0.7
  resolution: "@mantine/utils@npm:6.0.7"
  peerDependencies:
    react: ">=16.8.0"
  checksum: dbc4749e2ef908b5a2b1be5898e460541abdfa1de949237e45abaf2091ed3c6ca512b83f03360216d87af85d8b8d1deade5db426a197866b2be376b3d1509245
  languageName: node
  linkType: hard

"@radix-ui/number@npm:1.0.0":
  version: 1.0.0
  resolution: "@radix-ui/number@npm:1.0.0"
  dependencies:
    "@babel/runtime": ^7.13.10
  checksum: 517ac0790e05cceb41401154d1bc55d4738accd51095e2a918ef9bcedac6a455cd7179201e88e76121bedec19cd93a37b2c20288b084fb224b69c74e67935457
  languageName: node
  linkType: hard

"@radix-ui/primitive@npm:1.0.0":
  version: 1.0.0
  resolution: "@radix-ui/primitive@npm:1.0.0"
  dependencies:
    "@babel/runtime": ^7.13.10
  checksum: 72996afaf346ec4f4c73422f14f6cb2d0de994801ba7cbb9a4a67b0050e0cd74625182c349ef8017ccae1406579d4b74a34a225ef2efe61e8e5337decf235deb
  languageName: node
  linkType: hard

"@radix-ui/react-compose-refs@npm:1.0.0":
  version: 1.0.0
  resolution: "@radix-ui/react-compose-refs@npm:1.0.0"
  dependencies:
    "@babel/runtime": ^7.13.10
  peerDependencies:
    react: ^16.8 || ^17.0 || ^18.0
  checksum: fb98be2e275a1a758ccac647780ff5b04be8dcf25dcea1592db3b691fecf719c4c0700126da605b2f512dd89caa111352b9fad59528d736b4e0e9a0e134a74a1
  languageName: node
  linkType: hard

"@radix-ui/react-context@npm:1.0.0":
  version: 1.0.0
  resolution: "@radix-ui/react-context@npm:1.0.0"
  dependencies:
    "@babel/runtime": ^7.13.10
  peerDependencies:
    react: ^16.8 || ^17.0 || ^18.0
  checksum: 43c6b6f2183398161fe6b109e83fff240a6b7babbb27092b815932342a89d5ca42aa9806bfae5927970eed5ff90feed04c67aa29c6721f84ae826f17fcf34ce0
  languageName: node
  linkType: hard

"@radix-ui/react-direction@npm:1.0.0":
  version: 1.0.0
  resolution: "@radix-ui/react-direction@npm:1.0.0"
  dependencies:
    "@babel/runtime": ^7.13.10
  peerDependencies:
    react: ^16.8 || ^17.0 || ^18.0
  checksum: 92a40de4087b161a56957872daf204a7735bd21f2fccbd42deff322d759977d085ad3dcdae05af437b7e64e628e939e0d67e5bc468a3027e1b02e0a7dc90c485
  languageName: node
  linkType: hard

"@radix-ui/react-presence@npm:1.0.0":
  version: 1.0.0
  resolution: "@radix-ui/react-presence@npm:1.0.0"
  dependencies:
    "@babel/runtime": ^7.13.10
    "@radix-ui/react-compose-refs": 1.0.0
    "@radix-ui/react-use-layout-effect": 1.0.0
  peerDependencies:
    react: ^16.8 || ^17.0 || ^18.0
    react-dom: ^16.8 || ^17.0 || ^18.0
  checksum: a607d67795aa265e88f1765dcc7c18bebf6d88d116cb7f529ebe5a3fbbe751a42763aff0c1c89cdd8ce7f7664355936c4070fd3d4685774aff1a80fa95f4665b
  languageName: node
  linkType: hard

"@radix-ui/react-primitive@npm:1.0.1":
  version: 1.0.1
  resolution: "@radix-ui/react-primitive@npm:1.0.1"
  dependencies:
    "@babel/runtime": ^7.13.10
    "@radix-ui/react-slot": 1.0.1
  peerDependencies:
    react: ^16.8 || ^17.0 || ^18.0
    react-dom: ^16.8 || ^17.0 || ^18.0
  checksum: 1cc86b72f926be4a42122e7e456e965de0906f16b0dc244b8448bac05905f208598c984a0dd40026f654b4a71d0235335d48a18e377b07b0ec6c6917576a8080
  languageName: node
  linkType: hard

"@radix-ui/react-scroll-area@npm:1.0.2":
  version: 1.0.2
  resolution: "@radix-ui/react-scroll-area@npm:1.0.2"
  dependencies:
    "@babel/runtime": ^7.13.10
    "@radix-ui/number": 1.0.0
    "@radix-ui/primitive": 1.0.0
    "@radix-ui/react-compose-refs": 1.0.0
    "@radix-ui/react-context": 1.0.0
    "@radix-ui/react-direction": 1.0.0
    "@radix-ui/react-presence": 1.0.0
    "@radix-ui/react-primitive": 1.0.1
    "@radix-ui/react-use-callback-ref": 1.0.0
    "@radix-ui/react-use-layout-effect": 1.0.0
  peerDependencies:
    react: ^16.8 || ^17.0 || ^18.0
    react-dom: ^16.8 || ^17.0 || ^18.0
  checksum: c59062c3321fb92b526f2b63be2636569c4a33fa81bd5c5109b13516932cebaf680a5cd318263d37e7e6e4ca62aa45521c34447478fd2acde3b2639ae53252d7
  languageName: node
  linkType: hard

"@radix-ui/react-slot@npm:1.0.1":
  version: 1.0.1
  resolution: "@radix-ui/react-slot@npm:1.0.1"
  dependencies:
    "@babel/runtime": ^7.13.10
    "@radix-ui/react-compose-refs": 1.0.0
  peerDependencies:
    react: ^16.8 || ^17.0 || ^18.0
  checksum: a20693f8ce532bd6cbff12ba543dfcf90d451f22923bd60b57dc9e639f6e53348915e182002b33444feb6ab753434e78e2a54085bf7092aadda4418f0423763f
  languageName: node
  linkType: hard

"@radix-ui/react-use-callback-ref@npm:1.0.0":
  version: 1.0.0
  resolution: "@radix-ui/react-use-callback-ref@npm:1.0.0"
  dependencies:
    "@babel/runtime": ^7.13.10
  peerDependencies:
    react: ^16.8 || ^17.0 || ^18.0
  checksum: a8dda76ba0a26e23dc6ab5003831ad7439f59ba9d696a517643b9ee6a7fb06b18ae7a8f5a3c00c530d5c8104745a466a077b7475b99b4c0f5c15f5fc29474471
  languageName: node
  linkType: hard

"@radix-ui/react-use-layout-effect@npm:1.0.0":
  version: 1.0.0
  resolution: "@radix-ui/react-use-layout-effect@npm:1.0.0"
  dependencies:
    "@babel/runtime": ^7.13.10
  peerDependencies:
    react: ^16.8 || ^17.0 || ^18.0
  checksum: fcdc8cfa79bd45766ebe3de11039c58abe3fed968cb39c12b2efce5d88013c76fe096ea4cee464d42576d02fe7697779b682b4268459bca3c4e48644f5b4ac5e
  languageName: node
  linkType: hard

"aria-hidden@npm:^1.1.3":
  version: 1.2.3
  resolution: "aria-hidden@npm:1.2.3"
  dependencies:
    tslib: ^2.0.0
  checksum: 7d7d211629eef315e94ed3b064c6823d13617e609d3f9afab1c2ed86399bb8e90405f9bdd358a85506802766f3ecb468af985c67c846045a34b973bcc0289db9
  languageName: node
  linkType: hard

"clsx@npm:1.1.1":
  version: 1.1.1
  resolution: "clsx@npm:1.1.1"
  checksum: ff052650329773b9b245177305fc4c4dc3129f7b2be84af4f58dc5defa99538c61d4207be7419405a5f8f3d92007c954f4daba5a7b74e563d5de71c28c830063
  languageName: node
  linkType: hard

"csstype@npm:3.0.9":
  version: 3.0.9
  resolution: "csstype@npm:3.0.9"
  checksum: 199f9af7e673f9f188525c3102a329d637ff46c52f6385a4427ff5cb17adcb736189150170a7af7c5701d18d7704bdad130273f4aa7e44c6c4f9967e6115dc93
  languageName: node
  linkType: hard

"detect-node-es@npm:^1.1.0":
  version: 1.1.0
  resolution: "detect-node-es@npm:1.1.0"
  checksum: e46307d7264644975b71c104b9f028ed1d3d34b83a15b8a22373640ce5ea630e5640b1078b8ea15f202b54641da71e4aa7597093bd4b91f113db520a26a37449
  languageName: node
  linkType: hard

"get-nonce@npm:^1.0.0":
  version: 1.0.1
  resolution: "get-nonce@npm:1.0.1"
  checksum: e2614e43b4694c78277bb61b0f04583d45786881289285c73770b07ded246a98be7e1f78b940c80cbe6f2b07f55f0b724e6db6fd6f1bcbd1e8bdac16521074ed
  languageName: node
  linkType: hard

"invariant@npm:^2.2.4":
  version: 2.2.4
  resolution: "invariant@npm:2.2.4"
  dependencies:
    loose-envify: ^1.0.0
  checksum: cc3182d793aad82a8d1f0af697b462939cb46066ec48bbf1707c150ad5fad6406137e91a262022c269702e01621f35ef60269f6c0d7fd178487959809acdfb14
  languageName: node
  linkType: hard

"js-tokens@npm:^3.0.0 || ^4.0.0":
  version: 4.0.0
  resolution: "js-tokens@npm:4.0.0"
  checksum: 8a95213a5a77deb6cbe94d86340e8d9ace2b93bc367790b260101d2f36a2eaf4e4e22d9fa9cf459b38af3a32fb4190e638024cf82ec95ef708680e405ea7cc78
  languageName: node
  linkType: hard

"loose-envify@npm:^1.0.0":
  version: 1.4.0
  resolution: "loose-envify@npm:1.4.0"
  dependencies:
    js-tokens: ^3.0.0 || ^4.0.0
  bin:
    loose-envify: cli.js
  checksum: 6517e24e0cad87ec9888f500c5b5947032cdfe6ef65e1c1936a0c48a524b81e65542c9c3edc91c97d5bddc806ee2a985dbc79be89215d613b1de5db6d1cfe6f4
  languageName: node
  linkType: hard

"react-remove-scroll-bar@npm:^2.3.3":
  version: 2.3.4
  resolution: "react-remove-scroll-bar@npm:2.3.4"
  dependencies:
    react-style-singleton: ^2.2.1
    tslib: ^2.0.0
  peerDependencies:
    "@types/react": ^16.8.0 || ^17.0.0 || ^18.0.0
    react: ^16.8.0 || ^17.0.0 || ^18.0.0
  peerDependenciesMeta:
    "@types/react":
      optional: true
  checksum: b5ce5f2f98d65c97a3e975823ae4043a4ba2a3b63b5ba284b887e7853f051b5cd6afb74abde6d57b421931c52f2e1fdbb625dc858b1cb5a32c27c14ab85649d4
  languageName: node
  linkType: hard

"react-remove-scroll@npm:^2.5.5":
  version: 2.5.5
  resolution: "react-remove-scroll@npm:2.5.5"
  dependencies:
    react-remove-scroll-bar: ^2.3.3
    react-style-singleton: ^2.2.1
    tslib: ^2.1.0
    use-callback-ref: ^1.3.0
    use-sidecar: ^1.1.2
  peerDependencies:
    "@types/react": ^16.8.0 || ^17.0.0 || ^18.0.0
    react: ^16.8.0 || ^17.0.0 || ^18.0.0
  peerDependenciesMeta:
    "@types/react":
      optional: true
  checksum: 2c7fe9cbd766f5e54beb4bec2e2efb2de3583037b23fef8fa511ab426ed7f1ae992382db5acd8ab5bfb030a4b93a06a2ebca41377d6eeaf0e6791bb0a59616a4
  languageName: node
  linkType: hard

"react-style-singleton@npm:^2.2.1":
  version: 2.2.1
  resolution: "react-style-singleton@npm:2.2.1"
  dependencies:
    get-nonce: ^1.0.0
    invariant: ^2.2.4
    tslib: ^2.0.0
  peerDependencies:
    "@types/react": ^16.8.0 || ^17.0.0 || ^18.0.0
    react: ^16.8.0 || ^17.0.0 || ^18.0.0
  peerDependenciesMeta:
    "@types/react":
      optional: true
  checksum: 7ee8ef3aab74c7ae1d70ff34a27643d11ba1a8d62d072c767827d9ff9a520905223e567002e0bf6c772929d8ea1c781a3ba0cc4a563e92b1e3dc2eaa817ecbe8
  languageName: node
  linkType: hard

"react-textarea-autosize@npm:8.3.4":
  version: 8.3.4
  resolution: "react-textarea-autosize@npm:8.3.4"
  dependencies:
    "@babel/runtime": ^7.10.2
    use-composed-ref: ^1.3.0
    use-latest: ^1.2.1
  peerDependencies:
    react: ^16.8.0 || ^17.0.0 || ^18.0.0
  checksum: 87360d4392276d4e87511a73be9b0634b8bcce8f4f648cf659334d993f25ad3d4062f468f1e1944fc614123acae4299580aad00b760c6a96cec190e076f847f5
  languageName: node
  linkType: hard

"regenerator-runtime@npm:^0.13.11":
  version: 0.13.11
  resolution: "regenerator-runtime@npm:0.13.11"
  checksum: 27481628d22a1c4e3ff551096a683b424242a216fee44685467307f14d58020af1e19660bf2e26064de946bad7eff28950eae9f8209d55723e2d9351e632bbb4
  languageName: node
  linkType: hard

"rubberduck@workspace:.":
  version: 0.0.0-use.local
  resolution: "rubberduck@workspace:."
  dependencies:
    "@mantine/core": ^6.0.7
  languageName: unknown
  linkType: soft

"tabbable@npm:^6.0.1":
  version: 6.1.1
  resolution: "tabbable@npm:6.1.1"
  checksum: 348639497262241ce8e0ccb0664ea582a386183107299ee8f27cf7b56bc84f36e09eaf667d3cb4201e789634012a91f7129bcbd49760abe874fbace35b4cf429
  languageName: node
  linkType: hard

"tslib@npm:^2.0.0, tslib@npm:^2.1.0":
  version: 2.5.0
  resolution: "tslib@npm:2.5.0"
  checksum: ae3ed5f9ce29932d049908ebfdf21b3a003a85653a9a140d614da6b767a93ef94f460e52c3d787f0e4f383546981713f165037dc2274df212ea9f8a4541004e1
  languageName: node
  linkType: hard

"use-callback-ref@npm:^1.3.0":
  version: 1.3.0
  resolution: "use-callback-ref@npm:1.3.0"
  dependencies:
    tslib: ^2.0.0
  peerDependencies:
    "@types/react": ^16.8.0 || ^17.0.0 || ^18.0.0
    react: ^16.8.0 || ^17.0.0 || ^18.0.0
  peerDependenciesMeta:
    "@types/react":
      optional: true
  checksum: 7913df383a5a6fcb399212eedefaac2e0c6f843555202d4e3010bac3848afe38ecaa3d0d6500ad1d936fbeffd637e6c517e68edb024af5e6beca7f27f3ce7b21
  languageName: node
  linkType: hard

"use-composed-ref@npm:^1.3.0":
  version: 1.3.0
  resolution: "use-composed-ref@npm:1.3.0"
  peerDependencies:
    react: ^16.8.0 || ^17.0.0 || ^18.0.0
  checksum: f771cbadfdc91e03b7ab9eb32d0fc0cc647755711801bf507e891ad38c4bbc5f02b2509acadf9c965ec9c5f2f642fd33bdfdfb17b0873c4ad0a9b1f5e5e724bf
  languageName: node
  linkType: hard

"use-isomorphic-layout-effect@npm:^1.1.1":
  version: 1.1.2
  resolution: "use-isomorphic-layout-effect@npm:1.1.2"
  peerDependencies:
    react: ^16.8.0 || ^17.0.0 || ^18.0.0
  peerDependenciesMeta:
    "@types/react":
      optional: true
  checksum: a6532f7fc9ae222c3725ff0308aaf1f1ddbd3c00d685ef9eee6714fd0684de5cb9741b432fbf51e61a784e2955424864f7ea9f99734a02f237b17ad3e18ea5cb
  languageName: node
  linkType: hard

"use-latest@npm:^1.2.1":
  version: 1.2.1
  resolution: "use-latest@npm:1.2.1"
  dependencies:
    use-isomorphic-layout-effect: ^1.1.1
  peerDependencies:
    react: ^16.8.0 || ^17.0.0 || ^18.0.0
  peerDependenciesMeta:
    "@types/react":
      optional: true
  checksum: ed3f2ddddf6f21825e2ede4c2e0f0db8dcce5129802b69d1f0575fc1b42380436e8c76a6cd885d4e9aa8e292e60fb8b959c955f33c6a9123b83814a1a1875367
  languageName: node
  linkType: hard

"use-sidecar@npm:^1.1.2":
  version: 1.1.2
  resolution: "use-sidecar@npm:1.1.2"
  dependencies:
    detect-node-es: ^1.1.0
    tslib: ^2.0.0
  peerDependencies:
    "@types/react": ^16.9.0 || ^17.0.0 || ^18.0.0
    react: ^16.8.0 || ^17.0.0 || ^18.0.0
  peerDependenciesMeta:
    "@types/react":
      optional: true
  checksum: 925d1922f9853e516eaad526b6fed1be38008073067274f0ecc3f56b17bb8ab63480140dd7c271f94150027c996cea4efe83d3e3525e8f3eda22055f6a39220b
  languageName: node
  linkType: hard
